{
    "_readme": [
        "This file locks the dependencies of your project to a known state",
        "Read more about it at https://getcomposer.org/doc/01-basic-usage.md#installing-dependencies",
        "This file is @generated automatically"
    ],
    "content-hash": "46c4472b63d89dd2dfbfbc0cb0d2a279",
    "packages": [
        {
            "name": "ibvz/objects",
            "version": "1.0.2",
            "dist": {
                "type": "path",
                "url": "./packages/objects",
                "reference": "461ec2ea7610b0411a4170dfb70108d10e693a04"
            },
            "require": {
                "php": "^8.0"
            },
            "type": "library",
            "autoload": {
                "psr-4": {
                    "Ibvz\\Objects\\": "src/"
                }
            },
            "description": "Objects package",
            "transport-options": {
                "symlink": true,
                "relative": true
            }
        },
        {
            "name": "ibvz/users",
            "version": "1.0.2",
            "dist": {
                "type": "path",
                "url": "./packages/users",
                "reference": "6cae234097d645f68eae7aaebaa39296424e716b"
            },
            "require": {
                "php": "^8.0"
            },
            "type": "library",
            "autoload": {
                "psr-4": {
                    "Ibvz\\Users\\": "src/"
                }
            },
            "description": "Users package",
            "transport-options": {
                "symlink": true,
                "relative": true
            }
        }
    ],
    "packages-dev": [],
    "aliases": [],
    "minimum-stability": "dev",
    "stability-flags": {
        "ibvz/objects": 20,
        "ibvz/users": 20
    },
    "prefer-stable": true,
    "prefer-lowest": false,
    "platform": [],
    "platform-dev": [],
    "plugin-api-version": "2.6.0"
}
